// !$*UTF8*$!
{
	archiveVersion = 1;
	classes = {
	};
	objectVersion = 50;
	objects = {

/* Begin PBXBuildFile section */
		4B2DD4A02530CE22005ED207 /* WhenApp.swift in Sources */ = {isa = PBXBuildFile; fileRef = 4B2DD49F2530CE22005ED207 /* WhenApp.swift */; };
		4B2DD4A22530CE22005ED207 /* ContentView.swift in Sources */ = {isa = PBXBuildFile; fileRef = 4B2DD4A12530CE22005ED207 /* ContentView.swift */; };
		4B2DD4A42530CE22005ED207 /* Assets.xcassets in Resources */ = {isa = PBXBuildFile; fileRef = 4B2DD4A32530CE22005ED207 /* Assets.xcassets */; };
		4B2DD4A72530CE22005ED207 /* Preview Assets.xcassets in Resources */ = {isa = PBXBuildFile; fileRef = 4B2DD4A62530CE22005ED207 /* Preview Assets.xcassets */; };
		4B2DD4B22530CE23005ED207 /* WhenTests.swift in Sources */ = {isa = PBXBuildFile; fileRef = 4B2DD4B12530CE23005ED207 /* WhenTests.swift */; };
		4B2DD4BD2530CE23005ED207 /* WhenUITests.swift in Sources */ = {isa = PBXBuildFile; fileRef = 4B2DD4BC2530CE23005ED207 /* WhenUITests.swift */; };
		4B2DD4D62530CEE7005ED207 /* CountdownWidget.swift in Sources */ = {isa = PBXBuildFile; fileRef = 4B2DD4D52530CEE7005ED207 /* CountdownWidget.swift */; };
		4B2DD4DE2530CF7C005ED207 /* CountdownTimer.swift in Sources */ = {isa = PBXBuildFile; fileRef = 4B2DD4DD2530CF7C005ED207 /* CountdownTimer.swift */; };
		4B2DD4E62530D23D005ED207 /* CountdownTimerStore.swift in Sources */ = {isa = PBXBuildFile; fileRef = 4B2DD4E52530D23D005ED207 /* CountdownTimerStore.swift */; };
/* End PBXBuildFile section */

/* Begin PBXContainerItemProxy section */
		4B2DD4AE2530CE23005ED207 /* PBXContainerItemProxy */ = {
			isa = PBXContainerItemProxy;
			containerPortal = 4B2DD4942530CE22005ED207 /* Project object */;
			proxyType = 1;
			remoteGlobalIDString = 4B2DD49B2530CE22005ED207;
			remoteInfo = When;
		};
		4B2DD4B92530CE23005ED207 /* PBXContainerItemProxy */ = {
			isa = PBXContainerItemProxy;
			containerPortal = 4B2DD4942530CE22005ED207 /* Project object */;
			proxyType = 1;
			remoteGlobalIDString = 4B2DD49B2530CE22005ED207;
			remoteInfo = When;
		};
/* End PBXContainerItemProxy section */

/* Begin PBXFileReference section */
		4B2DD49C2530CE22005ED207 /* When.app */ = {isa = PBXFileReference; explicitFileType = wrapper.application; includeInIndex = 0; path = When.app; sourceTree = BUILT_PRODUCTS_DIR; };
		4B2DD49F2530CE22005ED207 /* WhenApp.swift */ = {isa = PBXFileReference; lastKnownFileType = sourcecode.swift; path = WhenApp.swift; sourceTree = "<group>"; };
		4B2DD4A12530CE22005ED207 /* ContentView.swift */ = {isa = PBXFileReference; lastKnownFileType = sourcecode.swift; path = ContentView.swift; sourceTree = "<group>"; };
		4B2DD4A32530CE22005ED207 /* Assets.xcassets */ = {isa = PBXFileReference; lastKnownFileType = folder.assetcatalog; path = Assets.xcassets; sourceTree = "<group>"; };
		4B2DD4A62530CE22005ED207 /* Preview Assets.xcassets */ = {isa = PBXFileReference; lastKnownFileType = folder.assetcatalog; path = "Preview Assets.xcassets"; sourceTree = "<group>"; };
		4B2DD4A82530CE22005ED207 /* Info.plist */ = {isa = PBXFileReference; lastKnownFileType = text.plist.xml; path = Info.plist; sourceTree = "<group>"; };
		4B2DD4AD2530CE23005ED207 /* WhenTests.xctest */ = {isa = PBXFileReference; explicitFileType = wrapper.cfbundle; includeInIndex = 0; path = WhenTests.xctest; sourceTree = BUILT_PRODUCTS_DIR; };
		4B2DD4B12530CE23005ED207 /* WhenTests.swift */ = {isa = PBXFileReference; lastKnownFileType = sourcecode.swift; path = WhenTests.swift; sourceTree = "<group>"; };
		4B2DD4B32530CE23005ED207 /* Info.plist */ = {isa = PBXFileReference; lastKnownFileType = text.plist.xml; path = Info.plist; sourceTree = "<group>"; };
		4B2DD4B82530CE23005ED207 /* WhenUITests.xctest */ = {isa = PBXFileReference; explicitFileType = wrapper.cfbundle; includeInIndex = 0; path = WhenUITests.xctest; sourceTree = BUILT_PRODUCTS_DIR; };
		4B2DD4BC2530CE23005ED207 /* WhenUITests.swift */ = {isa = PBXFileReference; lastKnownFileType = sourcecode.swift; path = WhenUITests.swift; sourceTree = "<group>"; };
		4B2DD4BE2530CE23005ED207 /* Info.plist */ = {isa = PBXFileReference; lastKnownFileType = text.plist.xml; path = Info.plist; sourceTree = "<group>"; };
		4B2DD4D52530CEE7005ED207 /* CountdownWidget.swift */ = {isa = PBXFileReference; lastKnownFileType = sourcecode.swift; path = CountdownWidget.swift; sourceTree = "<group>"; };
		4B2DD4DD2530CF7C005ED207 /* CountdownTimer.swift */ = {isa = PBXFileReference; lastKnownFileType = sourcecode.swift; path = CountdownTimer.swift; sourceTree = "<group>"; };
		4B2DD4E52530D23D005ED207 /* CountdownTimerStore.swift */ = {isa = PBXFileReference; lastKnownFileType = sourcecode.swift; path = CountdownTimerStore.swift; sourceTree = "<group>"; };
/* End PBXFileReference section */

/* Begin PBXFrameworksBuildPhase section */
		4B2DD4992530CE22005ED207 /* Frameworks */ = {
			isa = PBXFrameworksBuildPhase;
			buildActionMask = 2147483647;
			files = (
			);
			runOnlyForDeploymentPostprocessing = 0;
		};
		4B2DD4AA2530CE23005ED207 /* Frameworks */ = {
			isa = PBXFrameworksBuildPhase;
			buildActionMask = 2147483647;
			files = (
			);
			runOnlyForDeploymentPostprocessing = 0;
		};
		4B2DD4B52530CE23005ED207 /* Frameworks */ = {
			isa = PBXFrameworksBuildPhase;
			buildActionMask = 2147483647;
			files = (
			);
			runOnlyForDeploymentPostprocessing = 0;
		};
/* End PBXFrameworksBuildPhase section */

/* Begin PBXGroup section */
		4B2DD4932530CE22005ED207 = {
			isa = PBXGroup;
			children = (
				4B2DD49E2530CE22005ED207 /* When */,
				4B2DD4B02530CE23005ED207 /* WhenTests */,
				4B2DD4BB2530CE23005ED207 /* WhenUITests */,
				4B2DD49D2530CE22005ED207 /* Products */,
			);
			sourceTree = "<group>";
		};
		4B2DD49D2530CE22005ED207 /* Products */ = {
			isa = PBXGroup;
			children = (
				4B2DD49C2530CE22005ED207 /* When.app */,
				4B2DD4AD2530CE23005ED207 /* WhenTests.xctest */,
				4B2DD4B82530CE23005ED207 /* WhenUITests.xctest */,
			);
			name = Products;
			sourceTree = "<group>";
		};
		4B2DD49E2530CE22005ED207 /* When */ = {
			isa = PBXGroup;
			children = (
				4B2DD4D42530CEC7005ED207 /* Timer Widget */,
				4B2DD49F2530CE22005ED207 /* WhenApp.swift */,
				4B2DD4A12530CE22005ED207 /* ContentView.swift */,
				4B2DD4A32530CE22005ED207 /* Assets.xcassets */,
				4B2DD4A82530CE22005ED207 /* Info.plist */,
				4B2DD4A52530CE22005ED207 /* Preview Content */,
			);
			path = When;
			sourceTree = "<group>";
		};
		4B2DD4A52530CE22005ED207 /* Preview Content */ = {
			isa = PBXGroup;
			children = (
				4B2DD4A62530CE22005ED207 /* Preview Assets.xcassets */,
			);
			path = "Preview Content";
			sourceTree = "<group>";
		};
		4B2DD4B02530CE23005ED207 /* WhenTests */ = {
			isa = PBXGroup;
			children = (
				4B2DD4B12530CE23005ED207 /* WhenTests.swift */,
				4B2DD4B32530CE23005ED207 /* Info.plist */,
			);
			path = WhenTests;
			sourceTree = "<group>";
		};
		4B2DD4BB2530CE23005ED207 /* WhenUITests */ = {
			isa = PBXGroup;
			children = (
				4B2DD4BC2530CE23005ED207 /* WhenUITests.swift */,
				4B2DD4BE2530CE23005ED207 /* Info.plist */,
			);
			path = WhenUITests;
			sourceTree = "<group>";
		};
		4B2DD4D42530CEC7005ED207 /* Timer Widget */ = {
			isa = PBXGroup;
			children = (
				4B2DD4D52530CEE7005ED207 /* CountdownWidget.swift */,
				4B2DD4DD2530CF7C005ED207 /* CountdownTimer.swift */,
				4B2DD4E52530D23D005ED207 /* CountdownTimerStore.swift */,
			);
			path = "Timer Widget";
			sourceTree = "<group>";
		};
/* End PBXGroup section */

/* Begin PBXNativeTarget section */
		4B2DD49B2530CE22005ED207 /* When */ = {
			isa = PBXNativeTarget;
			buildConfigurationList = 4B2DD4C12530CE23005ED207 /* Build configuration list for PBXNativeTarget "When" */;
			buildPhases = (
				4B2DD4982530CE22005ED207 /* Sources */,
				4B2DD4992530CE22005ED207 /* Frameworks */,
				4B2DD49A2530CE22005ED207 /* Resources */,
			);
			buildRules = (
			);
			dependencies = (
			);
			name = When;
			productName = When;
			productReference = 4B2DD49C2530CE22005ED207 /* When.app */;
			productType = "com.apple.product-type.application";
		};
		4B2DD4AC2530CE23005ED207 /* WhenTests */ = {
			isa = PBXNativeTarget;
			buildConfigurationList = 4B2DD4C42530CE23005ED207 /* Build configuration list for PBXNativeTarget "WhenTests" */;
			buildPhases = (
				4B2DD4A92530CE23005ED207 /* Sources */,
				4B2DD4AA2530CE23005ED207 /* Frameworks */,
				4B2DD4AB2530CE23005ED207 /* Resources */,
			);
			buildRules = (
			);
			dependencies = (
				4B2DD4AF2530CE23005ED207 /* PBXTargetDependency */,
			);
			name = WhenTests;
			productName = WhenTests;
			productReference = 4B2DD4AD2530CE23005ED207 /* WhenTests.xctest */;
			productType = "com.apple.product-type.bundle.unit-test";
		};
		4B2DD4B72530CE23005ED207 /* WhenUITests */ = {
			isa = PBXNativeTarget;
			buildConfigurationList = 4B2DD4C72530CE23005ED207 /* Build configuration list for PBXNativeTarget "WhenUITests" */;
			buildPhases = (
				4B2DD4B42530CE23005ED207 /* Sources */,
				4B2DD4B52530CE23005ED207 /* Frameworks */,
				4B2DD4B62530CE23005ED207 /* Resources */,
			);
			buildRules = (
			);
			dependencies = (
				4B2DD4BA2530CE23005ED207 /* PBXTargetDependency */,
			);
			name = WhenUITests;
			productName = WhenUITests;
			productReference = 4B2DD4B82530CE23005ED207 /* WhenUITests.xctest */;
			productType = "com.apple.product-type.bundle.ui-testing";
		};
/* End PBXNativeTarget section */

/* Begin PBXProject section */
		4B2DD4942530CE22005ED207 /* Project object */ = {
			isa = PBXProject;
			attributes = {
				LastSwiftUpdateCheck = 1200;
				LastUpgradeCheck = 1200;
				TargetAttributes = {
					4B2DD49B2530CE22005ED207 = {
						CreatedOnToolsVersion = 12.0.1;
					};
					4B2DD4AC2530CE23005ED207 = {
						CreatedOnToolsVersion = 12.0.1;
						TestTargetID = 4B2DD49B2530CE22005ED207;
					};
					4B2DD4B72530CE23005ED207 = {
						CreatedOnToolsVersion = 12.0.1;
						TestTargetID = 4B2DD49B2530CE22005ED207;
					};
				};
			};
			buildConfigurationList = 4B2DD4972530CE22005ED207 /* Build configuration list for PBXProject "When" */;
			compatibilityVersion = "Xcode 9.3";
			developmentRegion = en;
			hasScannedForEncodings = 0;
			knownRegions = (
				en,
				Base,
			);
			mainGroup = 4B2DD4932530CE22005ED207;
			productRefGroup = 4B2DD49D2530CE22005ED207 /* Products */;
			projectDirPath = "";
			projectRoot = "";
			targets = (
				4B2DD49B2530CE22005ED207 /* When */,
				4B2DD4AC2530CE23005ED207 /* WhenTests */,
				4B2DD4B72530CE23005ED207 /* WhenUITests */,
			);
		};
/* End PBXProject section */

/* Begin PBXResourcesBuildPhase section */
		4B2DD49A2530CE22005ED207 /* Resources */ = {
			isa = PBXResourcesBuildPhase;
			buildActionMask = 2147483647;
			files = (
				4B2DD4A72530CE22005ED207 /* Preview Assets.xcassets in Resources */,
				4B2DD4A42530CE22005ED207 /* Assets.xcassets in Resources */,
			);
			runOnlyForDeploymentPostprocessing = 0;
		};
		4B2DD4AB2530CE23005ED207 /* Resources */ = {
			isa = PBXResourcesBuildPhase;
			buildActionMask = 2147483647;
			files = (
			);
			runOnlyForDeploymentPostprocessing = 0;
		};
		4B2DD4B62530CE23005ED207 /* Resources */ = {
			isa = PBXResourcesBuildPhase;
			buildActionMask = 2147483647;
			files = (
			);
			runOnlyForDeploymentPostprocessing = 0;
		};
/* End PBXResourcesBuildPhase section */

/* Begin PBXSourcesBuildPhase section */
		4B2DD4982530CE22005ED207 /* Sources */ = {
			isa = PBXSourcesBuildPhase;
			buildActionMask = 2147483647;
			files = (
				4B2DD4E62530D23D005ED207 /* CountdownTimerStore.swift in Sources */,
				4B2DD4A22530CE22005ED207 /* ContentView.swift in Sources */,
				4B2DD4DE2530CF7C005ED207 /* CountdownTimer.swift in Sources */,
				4B2DD4A02530CE22005ED207 /* WhenApp.swift in Sources */,
				4B2DD4D62530CEE7005ED207 /* CountdownWidget.swift in Sources */,
			);
			runOnlyForDeploymentPostprocessing = 0;
		};
		4B2DD4A92530CE23005ED207 /* Sources */ = {
			isa = PBXSourcesBuildPhase;
			buildActionMask = 2147483647;
			files = (
				4B2DD4B22530CE23005ED207 /* WhenTests.swift in Sources */,
			);
			runOnlyForDeploymentPostprocessing = 0;
		};
		4B2DD4B42530CE23005ED207 /* Sources */ = {
			isa = PBXSourcesBuildPhase;
			buildActionMask = 2147483647;
			files = (
				4B2DD4BD2530CE23005ED207 /* WhenUITests.swift in Sources */,
			);
			runOnlyForDeploymentPostprocessing = 0;
		};
/* End PBXSourcesBuildPhase section */

/* Begin PBXTargetDependency section */
		4B2DD4AF2530CE23005ED207 /* PBXTargetDependency */ = {
			isa = PBXTargetDependency;
			target = 4B2DD49B2530CE22005ED207 /* When */;
			targetProxy = 4B2DD4AE2530CE23005ED207 /* PBXContainerItemProxy */;
		};
		4B2DD4BA2530CE23005ED207 /* PBXTargetDependency */ = {
			isa = PBXTargetDependency;
			target = 4B2DD49B2530CE22005ED207 /* When */;
			targetProxy = 4B2DD4B92530CE23005ED207 /* PBXContainerItemProxy */;
		};
/* End PBXTargetDependency section */

/* Begin XCBuildConfiguration section */
		4B2DD4BF2530CE23005ED207 /* Debug */ = {
			isa = XCBuildConfiguration;
			buildSettings = {
				ALWAYS_SEARCH_USER_PATHS = NO;
				CLANG_ANALYZER_NONNULL = YES;
				CLANG_ANALYZER_NUMBER_OBJECT_CONVERSION = YES_AGGRESSIVE;
				CLANG_CXX_LANGUAGE_STANDARD = "gnu++14";
				CLANG_CXX_LIBRARY = "libc++";
				CLANG_ENABLE_MODULES = YES;
				CLANG_ENABLE_OBJC_ARC = YES;
				CLANG_ENABLE_OBJC_WEAK = YES;
				CLANG_WARN_BLOCK_CAPTURE_AUTORELEASING = YES;
				CLANG_WARN_BOOL_CONVERSION = YES;
				CLANG_WARN_COMMA = YES;
				CLANG_WARN_CONSTANT_CONVERSION = YES;
				CLANG_WARN_DEPRECATED_OBJC_IMPLEMENTATIONS = YES;
				CLANG_WARN_DIRECT_OBJC_ISA_USAGE = YES_ERROR;
				CLANG_WARN_DOCUMENTATION_COMMENTS = YES;
				CLANG_WARN_EMPTY_BODY = YES;
				CLANG_WARN_ENUM_CONVERSION = YES;
				CLANG_WARN_INFINITE_RECURSION = YES;
				CLANG_WARN_INT_CONVERSION = YES;
				CLANG_WARN_NON_LITERAL_NULL_CONVERSION = YES;
				CLANG_WARN_OBJC_IMPLICIT_RETAIN_SELF = YES;
				CLANG_WARN_OBJC_LITERAL_CONVERSION = YES;
				CLANG_WARN_OBJC_ROOT_CLASS = YES_ERROR;
				CLANG_WARN_QUOTED_INCLUDE_IN_FRAMEWORK_HEADER = YES;
				CLANG_WARN_RANGE_LOOP_ANALYSIS = YES;
				CLANG_WARN_STRICT_PROTOTYPES = YES;
				CLANG_WARN_SUSPICIOUS_MOVE = YES;
				CLANG_WARN_UNGUARDED_AVAILABILITY = YES_AGGRESSIVE;
				CLANG_WARN_UNREACHABLE_CODE = YES;
				CLANG_WARN__DUPLICATE_METHOD_MATCH = YES;
				COPY_PHASE_STRIP = NO;
				DEBUG_INFORMATION_FORMAT = dwarf;
				ENABLE_STRICT_OBJC_MSGSEND = YES;
				ENABLE_TESTABILITY = YES;
				GCC_C_LANGUAGE_STANDARD = gnu11;
				GCC_DYNAMIC_NO_PIC = NO;
				GCC_NO_COMMON_BLOCKS = YES;
				GCC_OPTIMIZATION_LEVEL = 0;
				GCC_PREPROCESSOR_DEFINITIONS = (
					"DEBUG=1",
					"$(inherited)",
				);
				GCC_WARN_64_TO_32_BIT_CONVERSION = YES;
				GCC_WARN_ABOUT_RETURN_TYPE = YES_ERROR;
				GCC_WARN_UNDECLARED_SELECTOR = YES;
				GCC_WARN_UNINITIALIZED_AUTOS = YES_AGGRESSIVE;
				GCC_WARN_UNUSED_FUNCTION = YES;
				GCC_WARN_UNUSED_VARIABLE = YES;
				IPHONEOS_DEPLOYMENT_TARGET = 14.0;
				MTL_ENABLE_DEBUG_INFO = INCLUDE_SOURCE;
				MTL_FAST_MATH = YES;
				ONLY_ACTIVE_ARCH = YES;
				SDKROOT = iphoneos;
				SWIFT_ACTIVE_COMPILATION_CONDITIONS = DEBUG;
				SWIFT_OPTIMIZATION_LEVEL = "-Onone";
			};
			name = Debug;
		};
		4B2DD4C02530CE23005ED207 /* Release */ = {
			isa = XCBuildConfiguration;
			buildSettings = {
				ALWAYS_SEARCH_USER_PATHS = NO;
				CLANG_ANALYZER_NONNULL = YES;
				CLANG_ANALYZER_NUMBER_OBJECT_CONVERSION = YES_AGGRESSIVE;
				CLANG_CXX_LANGUAGE_STANDARD = "gnu++14";
				CLANG_CXX_LIBRARY = "libc++";
				CLANG_ENABLE_MODULES = YES;
				CLANG_ENABLE_OBJC_ARC = YES;
				CLANG_ENABLE_OBJC_WEAK = YES;
				CLANG_WARN_BLOCK_CAPTURE_AUTORELEASING = YES;
				CLANG_WARN_BOOL_CONVERSION = YES;
				CLANG_WARN_COMMA = YES;
				CLANG_WARN_CONSTANT_CONVERSION = YES;
				CLANG_WARN_DEPRECATED_OBJC_IMPLEMENTATIONS = YES;
				CLANG_WARN_DIRECT_OBJC_ISA_USAGE = YES_ERROR;
				CLANG_WARN_DOCUMENTATION_COMMENTS = YES;
				CLANG_WARN_EMPTY_BODY = YES;
				CLANG_WARN_ENUM_CONVERSION = YES;
				CLANG_WARN_INFINITE_RECURSION = YES;
				CLANG_WARN_INT_CONVERSION = YES;
				CLANG_WARN_NON_LITERAL_NULL_CONVERSION = YES;
				CLANG_WARN_OBJC_IMPLICIT_RETAIN_SELF = YES;
				CLANG_WARN_OBJC_LITERAL_CONVERSION = YES;
				CLANG_WARN_OBJC_ROOT_CLASS = YES_ERROR;
				CLANG_WARN_QUOTED_INCLUDE_IN_FRAMEWORK_HEADER = YES;
				CLANG_WARN_RANGE_LOOP_ANALYSIS = YES;
				CLANG_WARN_STRICT_PROTOTYPES = YES;
				CLANG_WARN_SUSPICIOUS_MOVE = YES;
				CLANG_WARN_UNGUARDED_AVAILABILITY = YES_AGGRESSIVE;
				CLANG_WARN_UNREACHABLE_CODE = YES;
				CLANG_WARN__DUPLICATE_METHOD_MATCH = YES;
				COPY_PHASE_STRIP = NO;
				DEBUG_INFORMATION_FORMAT = "dwarf-with-dsym";
				ENABLE_NS_ASSERTIONS = NO;
				ENABLE_STRICT_OBJC_MSGSEND = YES;
				GCC_C_LANGUAGE_STANDARD = gnu11;
				GCC_NO_COMMON_BLOCKS = YES;
				GCC_WARN_64_TO_32_BIT_CONVERSION = YES;
				GCC_WARN_ABOUT_RETURN_TYPE = YES_ERROR;
				GCC_WARN_UNDECLARED_SELECTOR = YES;
				GCC_WARN_UNINITIALIZED_AUTOS = YES_AGGRESSIVE;
				GCC_WARN_UNUSED_FUNCTION = YES;
				GCC_WARN_UNUSED_VARIABLE = YES;
				IPHONEOS_DEPLOYMENT_TARGET = 14.0;
				MTL_ENABLE_DEBUG_INFO = NO;
				MTL_FAST_MATH = YES;
				SDKROOT = iphoneos;
				SWIFT_COMPILATION_MODE = wholemodule;
				SWIFT_OPTIMIZATION_LEVEL = "-O";
				VALIDATE_PRODUCT = YES;
			};
			name = Release;
		};
		4B2DD4C22530CE23005ED207 /* Debug */ = {
			isa = XCBuildConfiguration;
			buildSettings = {
				ASSETCATALOG_COMPILER_APPICON_NAME = AppIcon;
				ASSETCATALOG_COMPILER_GLOBAL_ACCENT_COLOR_NAME = AccentColor;
				CODE_SIGN_STYLE = Automatic;
				DEVELOPMENT_ASSET_PATHS = "\"When/Preview Content\"";
				DEVELOPMENT_TEAM = LH8455G983;
				ENABLE_PREVIEWS = YES;
				INFOPLIST_FILE = When/Info.plist;
				IPHONEOS_DEPLOYMENT_TARGET = 14.0;
				LD_RUNPATH_SEARCH_PATHS = (
					"$(inherited)",
					"@executable_path/Frameworks",
				);
				PRODUCT_BUNDLE_IDENTIFIER = com.christopherfonseka.When;
				PRODUCT_NAME = "$(TARGET_NAME)";
				SWIFT_VERSION = 5.0;
				TARGETED_DEVICE_FAMILY = "1,2";
			};
			name = Debug;
		};
		4B2DD4C32530CE23005ED207 /* Release */ = {
			isa = XCBuildConfiguration;
			buildSettings = {
				ASSETCATALOG_COMPILER_APPICON_NAME = AppIcon;
				ASSETCATALOG_COMPILER_GLOBAL_ACCENT_COLOR_NAME = AccentColor;
				CODE_SIGN_STYLE = Automatic;
				DEVELOPMENT_ASSET_PATHS = "\"When/Preview Content\"";
				DEVELOPMENT_TEAM = LH8455G983;
				ENABLE_PREVIEWS = YES;
				INFOPLIST_FILE = When/Info.plist;
				IPHONEOS_DEPLOYMENT_TARGET = 14.0;
				LD_RUNPATH_SEARCH_PATHS = (
					"$(inherited)",
					"@executable_path/Frameworks",
				);
				PRODUCT_BUNDLE_IDENTIFIER = com.christopherfonseka.When;
				PRODUCT_NAME = "$(TARGET_NAME)";
				SWIFT_VERSION = 5.0;
				TARGETED_DEVICE_FAMILY = "1,2";
			};
			name = Release;
		};
		4B2DD4C52530CE23005ED207 /* Debug */ = {
			isa = XCBuildConfiguration;
			buildSettings = {
				ALWAYS_EMBED_SWIFT_STANDARD_LIBRARIES = YES;
				BUNDLE_LOADER = "$(TEST_HOST)";
				CODE_SIGN_STYLE = Automatic;
				DEVELOPMENT_TEAM = LH8455G983;
				INFOPLIST_FILE = WhenTests/Info.plist;
				IPHONEOS_DEPLOYMENT_TARGET = 14.0;
				LD_RUNPATH_SEARCH_PATHS = (
					"$(inherited)",
					"@executable_path/Frameworks",
					"@loader_path/Frameworks",
				);
				PRODUCT_BUNDLE_IDENTIFIER = com.christopherfonseka.WhenTests;
				PRODUCT_NAME = "$(TARGET_NAME)";
				SWIFT_VERSION = 5.0;
				TARGETED_DEVICE_FAMILY = "1,2";
				TEST_HOST = "$(BUILT_PRODUCTS_DIR)/When.app/When";
			};
			name = Debug;
		};
		4B2DD4C62530CE23005ED207 /* Release */ = {
			isa = XCBuildConfiguration;
			buildSettings = {
				ALWAYS_EMBED_SWIFT_STANDARD_LIBRARIES = YES;
				BUNDLE_LOADER = "$(TEST_HOST)";
				CODE_SIGN_STYLE = Automatic;
				DEVELOPMENT_TEAM = LH8455G983;
				INFOPLIST_FILE = WhenTests/Info.plist;
				IPHONEOS_DEPLOYMENT_TARGET = 14.0;
				LD_RUNPATH_SEARCH_PATHS = (
					"$(inherited)",
					"@executable_path/Frameworks",
					"@loader_path/Frameworks",
				);
				PRODUCT_BUNDLE_IDENTIFIER = com.christopherfonseka.WhenTests;
				PRODUCT_NAME = "$(TARGET_NAME)";
				SWIFT_VERSION = 5.0;
				TARGETED_DEVICE_FAMILY = "1,2";
				TEST_HOST = "$(BUILT_PRODUCTS_DIR)/When.app/When";
			};
			name = Release;
		};
		4B2DD4C82530CE23005ED207 /* Debug */ = {
			isa = XCBuildConfiguration;
			buildSettings = {
				ALWAYS_EMBED_SWIFT_STANDARD_LIBRARIES = YES;
				CODE_SIGN_STYLE = Automatic;
				DEVELOPMENT_TEAM = LH8455G983;
				INFOPLIST_FILE = WhenUITests/Info.plist;
				LD_RUNPATH_SEARCH_PATHS = (
					"$(inherited)",
					"@executable_path/Frameworks",
					"@loader_path/Frameworks",
				);
				PRODUCT_BUNDLE_IDENTIFIER = com.christopherfonseka.WhenUITests;
				PRODUCT_NAME = "$(TARGET_NAME)";
				SWIFT_VERSION = 5.0;
				TARGETED_DEVICE_FAMILY = "1,2";
				TEST_TARGET_NAME = When;
			};
			name = Debug;
		};
		4B2DD4C92530CE23005ED207 /* Release */ = {
			isa = XCBuildConfiguration;
			buildSettings = {
				ALWAYS_EMBED_SWIFT_STANDARD_LIBRARIES = YES;
				CODE_SIGN_STYLE = Automatic;
				DEVELOPMENT_TEAM = LH8455G983;
				INFOPLIST_FILE = WhenUITests/Info.plist;
				LD_RUNPATH_SEARCH_PATHS = (
					"$(inherited)",
					"@executable_path/Frameworks",
					"@loader_path/Frameworks",
				);
				PRODUCT_BUNDLE_IDENTIFIER = com.christopherfonseka.WhenUITests;
				PRODUCT_NAME = "$(TARGET_NAME)";
				SWIFT_VERSION = 5.0;
				TARGETED_DEVICE_FAMILY = "1,2";
				TEST_TARGET_NAME = When;
			};
			name = Release;
		};
/* End XCBuildConfiguration section */

/* Begin XCConfigurationList section */
		4B2DD4972530CE22005ED207 /* Build configuration list for PBXProject "When" */ = {
			isa = XCConfigurationList;
			buildConfigurations = (
				4B2DD4BF2530CE23005ED207 /* Debug */,
				4B2DD4C02530CE23005ED207 /* Release */,
			);
			defaultConfigurationIsVisible = 0;
			defaultConfigurationName = Release;
		};
		4B2DD4C12530CE23005ED207 /* Build configuration list for PBXNativeTarget "When" */ = {
			isa = XCConfigurationList;
			buildConfigurations = (
				4B2DD4C22530CE23005ED207 /* Debug */,
				4B2DD4C32530CE23005ED207 /* Release */,
			);
			defaultConfigurationIsVisible = 0;
			defaultConfigurationName = Release;
		};
		4B2DD4C42530CE23005ED207 /* Build configuration list for PBXNativeTarget "WhenTests" */ = {
			isa = XCConfigurationList;
			buildConfigurations = (
				4B2DD4C52530CE23005ED207 /* Debug */,
				4B2DD4C62530CE23005ED207 /* Release */,
			);
			defaultConfigurationIsVisible = 0;
			defaultConfigurationName = Release;
		};
		4B2DD4C72530CE23005ED207 /* Build configuration list for PBXNativeTarget "WhenUITests" */ = {
			isa = XCConfigurationList;
			buildConfigurations = (
				4B2DD4C82530CE23005ED207 /* Debug */,
				4B2DD4C92530CE23005ED207 /* Release */,
			);
			defaultConfigurationIsVisible = 0;
			defaultConfigurationName = Release;
		};
/* End XCConfigurationList section */
	};
	rootObject = 4B2DD4942530CE22005ED207 /* Project object */;
}
